
Microsoft Visual Studio Solution File, Format Version 12.00
# Visual Studio Version 17
VisualStudioVersion = 17.1.32210.238
MinimumVisualStudioVersion = 10.0.40219.1
Project("{FAE04EC0-301F-11D3-BF4B-00C04F79EFBC}") = "Retrieving Data from Db", "Retrieving Data from Db\Retrieving Data from Db.csproj", "{7A2E2E01-A502-4003-ADE0-B1686B959C03}"
EndProject
Global
	GlobalSection(SolutionConfigurationPlatforms) = preSolution
		Debug|Any CPU = Debug|Any CPU
		Release|Any CPU = Release|Any CPU
	EndGlobalSection
	GlobalSection(ProjectConfigurationPlatforms) = postSolution
		{7A2E2E01-A502-4003-ADE0-B1686B959C03}.Debug|Any CPU.ActiveCfg = Debug|Any CPU
		{7A2E2E01-A502-4003-ADE0-B1686B959C03}.Debug|Any CPU.Build.0 = Debug|Any CPU
		{7A2E2E01-A502-4003-ADE0-B1686B959C03}.Release|Any CPU.ActiveCfg = Release|Any CPU
		{7A2E2E01-A502-4003-ADE0-B1686B959C03}.Release|Any CPU.Build.0 = Release|Any CPU
	EndGlobalSection
	GlobalSection(SolutionProperties) = preSolution
		HideSolutionNode = FALSE
	EndGlobalSection
	GlobalSection(ExtensibilityGlobals) = postSolution
		SolutionGuid = {6FBB47BA-8EFC-408E-A166-0333B094BAC4}
	EndGlobalSection
EndGlobal
